
Microsoft Visual Studio Solution File, Format Version 12.00
# Visual Studio Express 2012 for Windows Desktop
Project("{FAE04EC0-301F-11D3-BF4B-00C04F79EFBC}") = "Library3d", "Library3d\Library3d.csproj", "{6A26E76C-6A8D-4855-B950-3DBB650C98A7}"
EndProject
Project("{FAE04EC0-301F-11D3-BF4B-00C04F79EFBC}") = "TestApplication", "TestApplication\TestApplication.csproj", "{1A48E867-56A6-4816-8972-B22973DCAFF7}"
EndProject
Global
	GlobalSection(SolutionConfigurationPlatforms) = preSolution
		Debug|Any CPU = Debug|Any CPU
		Release|Any CPU = Release|Any CPU
	EndGlobalSection
	GlobalSection(ProjectConfigurationPlatforms) = postSolution
		{6A26E76C-6A8D-4855-B950-3DBB650C98A7}.Debug|Any CPU.ActiveCfg = Debug|Any CPU
		{6A26E76C-6A8D-4855-B950-3DBB650C98A7}.Debug|Any CPU.Build.0 = Debug|Any CPU
		{6A26E76C-6A8D-4855-B950-3DBB650C98A7}.Release|Any CPU.ActiveCfg = Release|Any CPU
		{6A26E76C-6A8D-4855-B950-3DBB650C98A7}.Release|Any CPU.Build.0 = Release|Any CPU
		{1A48E867-56A6-4816-8972-B22973DCAFF7}.Debug|Any CPU.ActiveCfg = Debug|Any CPU
		{1A48E867-56A6-4816-8972-B22973DCAFF7}.Debug|Any CPU.Build.0 = Debug|Any CPU
		{1A48E867-56A6-4816-8972-B22973DCAFF7}.Release|Any CPU.ActiveCfg = Release|Any CPU
		{1A48E867-56A6-4816-8972-B22973DCAFF7}.Release|Any CPU.Build.0 = Release|Any CPU
	EndGlobalSection
	GlobalSection(SolutionProperties) = preSolution
		HideSolutionNode = FALSE
	EndGlobalSection
EndGlobal
